
Microsoft Visual Studio Solution File, Format Version 12.00
# Visual Studio Version 17
VisualStudioVersion = 17.14.36414.22
MinimumVisualStudioVersion = 10.0.40219.1
Project("{FAE04EC0-301F-11D3-BF4B-00C04F79EFBC}") = "GoodHamburguer.Api", "GoodHamburguer.Api\GoodHamburguer.Api.csproj", "{739CFA7F-2EDF-4CBB-B951-F8F9010405DE}"
EndProject
Project("{FAE04EC0-301F-11D3-BF4B-00C04F79EFBC}") = "GoodHamburguer.Application", "GoodHamburguer.Application\GoodHamburguer.Application.csproj", "{62481CEF-E12A-4418-B42E-B4423050D3CE}"
EndProject
Project("{FAE04EC0-301F-11D3-BF4B-00C04F79EFBC}") = "GoodHamburguer.Domain", "GoodHamburguer.Domain\GoodHamburguer.Domain.csproj", "{69E51943-611E-4690-95A2-614C8B018A39}"
EndProject
Project("{FAE04EC0-301F-11D3-BF4B-00C04F79EFBC}") = "GoodHamburguer.Infrastructure", "GoodHamburguer.Infrastructure\GoodHamburguer.Infrastructure.csproj", "{C0ED39A9-ADB9-4D7C-B3FC-152DA0973AFD}"
EndProject
Project("{FAE04EC0-301F-11D3-BF4B-00C04F79EFBC}") = "GoodHamburguer.Tests", "GoodHamburguer.Tests\GoodHamburguer.Tests.csproj", "{5F3AA4A4-ABBF-48BB-9882-7932E3729476}"
EndProject
Global
	GlobalSection(SolutionConfigurationPlatforms) = preSolution
		Debug|Any CPU = Debug|Any CPU
		Debug|x64 = Debug|x64
		Debug|x86 = Debug|x86
		Release|Any CPU = Release|Any CPU
		Release|x64 = Release|x64
		Release|x86 = Release|x86
	EndGlobalSection
	GlobalSection(ProjectConfigurationPlatforms) = postSolution
		{739CFA7F-2EDF-4CBB-B951-F8F9010405DE}.Debug|Any CPU.ActiveCfg = Debug|Any CPU
		{739CFA7F-2EDF-4CBB-B951-F8F9010405DE}.Debug|Any CPU.Build.0 = Debug|Any CPU
		{739CFA7F-2EDF-4CBB-B951-F8F9010405DE}.Debug|x64.ActiveCfg = Debug|Any CPU
		{739CFA7F-2EDF-4CBB-B951-F8F9010405DE}.Debug|x64.Build.0 = Debug|Any CPU
		{739CFA7F-2EDF-4CBB-B951-F8F9010405DE}.Debug|x86.ActiveCfg = Debug|Any CPU
		{739CFA7F-2EDF-4CBB-B951-F8F9010405DE}.Debug|x86.Build.0 = Debug|Any CPU
		{739CFA7F-2EDF-4CBB-B951-F8F9010405DE}.Release|Any CPU.ActiveCfg = Release|Any CPU
		{739CFA7F-2EDF-4CBB-B951-F8F9010405DE}.Release|Any CPU.Build.0 = Release|Any CPU
		{739CFA7F-2EDF-4CBB-B951-F8F9010405DE}.Release|x64.ActiveCfg = Release|Any CPU
		{739CFA7F-2EDF-4CBB-B951-F8F9010405DE}.Release|x64.Build.0 = Release|Any CPU
		{739CFA7F-2EDF-4CBB-B951-F8F9010405DE}.Release|x86.ActiveCfg = Release|Any CPU
		{739CFA7F-2EDF-4CBB-B951-F8F9010405DE}.Release|x86.Build.0 = Release|Any CPU
		{62481CEF-E12A-4418-B42E-B4423050D3CE}.Debug|Any CPU.ActiveCfg = Debug|Any CPU
		{62481CEF-E12A-4418-B42E-B4423050D3CE}.Debug|Any CPU.Build.0 = Debug|Any CPU
		{62481CEF-E12A-4418-B42E-B4423050D3CE}.Debug|x64.ActiveCfg = Debug|Any CPU
		{62481CEF-E12A-4418-B42E-B4423050D3CE}.Debug|x64.Build.0 = Debug|Any CPU
		{62481CEF-E12A-4418-B42E-B4423050D3CE}.Debug|x86.ActiveCfg = Debug|Any CPU
		{62481CEF-E12A-4418-B42E-B4423050D3CE}.Debug|x86.Build.0 = Debug|Any CPU
		{62481CEF-E12A-4418-B42E-B4423050D3CE}.Release|Any CPU.ActiveCfg = Release|Any CPU
		{62481CEF-E12A-4418-B42E-B4423050D3CE}.Release|Any CPU.Build.0 = Release|Any CPU
		{62481CEF-E12A-4418-B42E-B4423050D3CE}.Release|x64.ActiveCfg = Release|Any CPU
		{62481CEF-E12A-4418-B42E-B4423050D3CE}.Release|x64.Build.0 = Release|Any CPU
		{62481CEF-E12A-4418-B42E-B4423050D3CE}.Release|x86.ActiveCfg = Release|Any CPU
		{62481CEF-E12A-4418-B42E-B4423050D3CE}.Release|x86.Build.0 = Release|Any CPU
		{69E51943-611E-4690-95A2-614C8B018A39}.Debug|Any CPU.ActiveCfg = Debug|Any CPU
		{69E51943-611E-4690-95A2-614C8B018A39}.Debug|Any CPU.Build.0 = Debug|Any CPU
		{69E51943-611E-4690-95A2-614C8B018A39}.Debug|x64.ActiveCfg = Debug|Any CPU
		{69E51943-611E-4690-95A2-614C8B018A39}.Debug|x64.Build.0 = Debug|Any CPU
		{69E51943-611E-4690-95A2-614C8B018A39}.Debug|x86.ActiveCfg = Debug|Any CPU
		{69E51943-611E-4690-95A2-614C8B018A39}.Debug|x86.Build.0 = Debug|Any CPU
		{69E51943-611E-4690-95A2-614C8B018A39}.Release|Any CPU.ActiveCfg = Release|Any CPU
		{69E51943-611E-4690-95A2-614C8B018A39}.Release|Any CPU.Build.0 = Release|Any CPU
		{69E51943-611E-4690-95A2-614C8B018A39}.Release|x64.ActiveCfg = Release|Any CPU
		{69E51943-611E-4690-95A2-614C8B018A39}.Release|x64.Build.0 = Release|Any CPU
		{69E51943-611E-4690-95A2-614C8B018A39}.Release|x86.ActiveCfg = Release|Any CPU
		{69E51943-611E-4690-95A2-614C8B018A39}.Release|x86.Build.0 = Release|Any CPU
		{C0ED39A9-ADB9-4D7C-B3FC-152DA0973AFD}.Debug|Any CPU.ActiveCfg = Debug|Any CPU
		{C0ED39A9-ADB9-4D7C-B3FC-152DA0973AFD}.Debug|Any CPU.Build.0 = Debug|Any CPU
		{C0ED39A9-ADB9-4D7C-B3FC-152DA0973AFD}.Debug|x64.ActiveCfg = Debug|Any CPU
		{C0ED39A9-ADB9-4D7C-B3FC-152DA0973AFD}.Debug|x64.Build.0 = Debug|Any CPU
		{C0ED39A9-ADB9-4D7C-B3FC-152DA0973AFD}.Debug|x86.ActiveCfg = Debug|Any CPU
		{C0ED39A9-ADB9-4D7C-B3FC-152DA0973AFD}.Debug|x86.Build.0 = Debug|Any CPU
		{C0ED39A9-ADB9-4D7C-B3FC-152DA0973AFD}.Release|Any CPU.ActiveCfg = Release|Any CPU
		{C0ED39A9-ADB9-4D7C-B3FC-152DA0973AFD}.Release|Any CPU.Build.0 = Release|Any CPU
		{C0ED39A9-ADB9-4D7C-B3FC-152DA0973AFD}.Release|x64.ActiveCfg = Release|Any CPU
		{C0ED39A9-ADB9-4D7C-B3FC-152DA0973AFD}.Release|x64.Build.0 = Release|Any CPU
		{C0ED39A9-ADB9-4D7C-B3FC-152DA0973AFD}.Release|x86.ActiveCfg = Release|Any CPU
		{C0ED39A9-ADB9-4D7C-B3FC-152DA0973AFD}.Release|x86.Build.0 = Release|Any CPU
		{5F3AA4A4-ABBF-48BB-9882-7932E3729476}.Debug|Any CPU.ActiveCfg = Debug|Any CPU
		{5F3AA4A4-ABBF-48BB-9882-7932E3729476}.Debug|Any CPU.Build.0 = Debug|Any CPU
		{5F3AA4A4-ABBF-48BB-9882-7932E3729476}.Debug|x64.ActiveCfg = Debug|Any CPU
		{5F3AA4A4-ABBF-48BB-9882-7932E3729476}.Debug|x64.Build.0 = Debug|Any CPU
		{5F3AA4A4-ABBF-48BB-9882-7932E3729476}.Debug|x86.ActiveCfg = Debug|Any CPU
		{5F3AA4A4-ABBF-48BB-9882-7932E3729476}.Debug|x86.Build.0 = Debug|Any CPU
		{5F3AA4A4-ABBF-48BB-9882-7932E3729476}.Release|Any CPU.ActiveCfg = Release|Any CPU
		{5F3AA4A4-ABBF-48BB-9882-7932E3729476}.Release|Any CPU.Build.0 = Release|Any CPU
		{5F3AA4A4-ABBF-48BB-9882-7932E3729476}.Release|x64.ActiveCfg = Release|Any CPU
		{5F3AA4A4-ABBF-48BB-9882-7932E3729476}.Release|x64.Build.0 = Release|Any CPU
		{5F3AA4A4-ABBF-48BB-9882-7932E3729476}.Release|x86.ActiveCfg = Release|Any CPU
		{5F3AA4A4-ABBF-48BB-9882-7932E3729476}.Release|x86.Build.0 = Release|Any CPU
	EndGlobalSection
	GlobalSection(SolutionProperties) = preSolution
		HideSolutionNode = FALSE
	EndGlobalSection
	GlobalSection(ExtensibilityGlobals) = postSolution
		SolutionGuid = {026775DD-7C0E-48B4-96F5-512DE1553242}
	EndGlobalSection
EndGlobal
